// !$*UTF8*$!
{
	archiveVersion = 1;
	classes = {
	};
	objectVersion = 56;
	objects = {

/* Begin PBXBuildFile section */
		458A29FD2C344BD20020EC85 /* test.mp4 in Resources */ = {isa = PBXBuildFile; fileRef = 458A29FC2C344BD20020EC85 /* test.mp4 */; };
		45B08F152C3406900034DC3C /* AppDelegate.swift in Sources */ = {isa = PBXBuildFile; fileRef = 45B08F142C3406900034DC3C /* AppDelegate.swift */; };
		45B08F172C3406900034DC3C /* SceneDelegate.swift in Sources */ = {isa = PBXBuildFile; fileRef = 45B08F162C3406900034DC3C /* SceneDelegate.swift */; };
		45B08F192C3406900034DC3C /* ViewController.swift in Sources */ = {isa = PBXBuildFile; fileRef = 45B08F182C3406900034DC3C /* ViewController.swift */; };
		45B08F1C2C3406900034DC3C /* Main.storyboard in Resources */ = {isa = PBXBuildFile; fileRef = 45B08F1A2C3406900034DC3C /* Main.storyboard */; };
		45B08F1E2C3406930034DC3C /* Assets.xcassets in Resources */ = {isa = PBXBuildFile; fileRef = 45B08F1D2C3406930034DC3C /* Assets.xcassets */; };
		45B08F212C3406930034DC3C /* LaunchScreen.storyboard in Resources */ = {isa = PBXBuildFile; fileRef = 45B08F1F2C3406930034DC3C /* LaunchScreen.storyboard */; };
		45B08F2C2C3406930034DC3C /* video_playerTests.swift in Sources */ = {isa = PBXBuildFile; fileRef = 45B08F2B2C3406930034DC3C /* video_playerTests.swift */; };
		45B08F362C3406930034DC3C /* video_playerUITests.swift in Sources */ = {isa = PBXBuildFile; fileRef = 45B08F352C3406930034DC3C /* video_playerUITests.swift */; };
		45B08F382C3406930034DC3C /* video_playerUITestsLaunchTests.swift in Sources */ = {isa = PBXBuildFile; fileRef = 45B08F372C3406930034DC3C /* video_playerUITestsLaunchTests.swift */; };
/* End PBXBuildFile section */

/* Begin PBXContainerItemProxy section */
		45B08F282C3406930034DC3C /* PBXContainerItemProxy */ = {
			isa = PBXContainerItemProxy;
			containerPortal = 45B08F092C3406900034DC3C /* Project object */;
			proxyType = 1;
			remoteGlobalIDString = 45B08F102C3406900034DC3C;
			remoteInfo = video_player;
		};
		45B08F322C3406930034DC3C /* PBXContainerItemProxy */ = {
			isa = PBXContainerItemProxy;
			containerPortal = 45B08F092C3406900034DC3C /* Project object */;
			proxyType = 1;
			remoteGlobalIDString = 45B08F102C3406900034DC3C;
			remoteInfo = video_player;
		};
/* End PBXContainerItemProxy section */

/* Begin PBXFileReference section */
		458A29FC2C344BD20020EC85 /* test.mp4 */ = {isa = PBXFileReference; lastKnownFileType = file; name = test.mp4; path = ../../../Downloads/test.mp4; sourceTree = "<group>"; };
		45B08F112C3406900034DC3C /* video_player.app */ = {isa = PBXFileReference; explicitFileType = wrapper.application; includeInIndex = 0; path = video_player.app; sourceTree = BUILT_PRODUCTS_DIR; };
		45B08F142C3406900034DC3C /* AppDelegate.swift */ = {isa = PBXFileReference; lastKnownFileType = sourcecode.swift; path = AppDelegate.swift; sourceTree = "<group>"; };
		45B08F162C3406900034DC3C /* SceneDelegate.swift */ = {isa = PBXFileReference; lastKnownFileType = sourcecode.swift; path = SceneDelegate.swift; sourceTree = "<group>"; };
		45B08F182C3406900034DC3C /* ViewController.swift */ = {isa = PBXFileReference; lastKnownFileType = sourcecode.swift; path = ViewController.swift; sourceTree = "<group>"; };
		45B08F1B2C3406900034DC3C /* Base */ = {isa = PBXFileReference; lastKnownFileType = file.storyboard; name = Base; path = Base.lproj/Main.storyboard; sourceTree = "<group>"; };
		45B08F1D2C3406930034DC3C /* Assets.xcassets */ = {isa = PBXFileReference; lastKnownFileType = folder.assetcatalog; path = Assets.xcassets; sourceTree = "<group>"; };
		45B08F202C3406930034DC3C /* Base */ = {isa = PBXFileReference; lastKnownFileType = file.storyboard; name = Base; path = Base.lproj/LaunchScreen.storyboard; sourceTree = "<group>"; };
		45B08F222C3406930034DC3C /* Info.plist */ = {isa = PBXFileReference; lastKnownFileType = text.plist.xml; path = Info.plist; sourceTree = "<group>"; };
		45B08F272C3406930034DC3C /* video_playerTests.xctest */ = {isa = PBXFileReference; explicitFileType = wrapper.cfbundle; includeInIndex = 0; path = video_playerTests.xctest; sourceTree = BUILT_PRODUCTS_DIR; };
		45B08F2B2C3406930034DC3C /* video_playerTests.swift */ = {isa = PBXFileReference; lastKnownFileType = sourcecode.swift; path = video_playerTests.swift; sourceTree = "<group>"; };
		45B08F312C3406930034DC3C /* video_playerUITests.xctest */ = {isa = PBXFileReference; explicitFileType = wrapper.cfbundle; includeInIndex = 0; path = video_playerUITests.xctest; sourceTree = BUILT_PRODUCTS_DIR; };
		45B08F352C3406930034DC3C /* video_playerUITests.swift */ = {isa = PBXFileReference; lastKnownFileType = sourcecode.swift; path = video_playerUITests.swift; sourceTree = "<group>"; };
		45B08F372C3406930034DC3C /* video_playerUITestsLaunchTests.swift */ = {isa = PBXFileReference; lastKnownFileType = sourcecode.swift; path = video_playerUITestsLaunchTests.swift; sourceTree = "<group>"; };
/* End PBXFileReference section */

/* Begin PBXFrameworksBuildPhase section */
		45B08F0E2C3406900034DC3C /* Frameworks */ = {
			isa = PBXFrameworksBuildPhase;
			buildActionMask = 2147483647;
			files = (
			);
			runOnlyForDeploymentPostprocessing = 0;
		};
		45B08F242C3406930034DC3C /* Frameworks */ = {
			isa = PBXFrameworksBuildPhase;
			buildActionMask = 2147483647;
			files = (
			);
			runOnlyForDeploymentPostprocessing = 0;
		};
		45B08F2E2C3406930034DC3C /* Frameworks */ = {
			isa = PBXFrameworksBuildPhase;
			buildActionMask = 2147483647;
			files = (
			);
			runOnlyForDeploymentPostprocessing = 0;
		};
/* End PBXFrameworksBuildPhase section */

/* Begin PBXGroup section */
		45B08F082C3406900034DC3C = {
			isa = PBXGroup;
			children = (
				45B08F132C3406900034DC3C /* video_player */,
				45B08F2A2C3406930034DC3C /* video_playerTests */,
				45B08F342C3406930034DC3C /* video_playerUITests */,
				45B08F122C3406900034DC3C /* Products */,
			);
			sourceTree = "<group>";
		};
		45B08F122C3406900034DC3C /* Products */ = {
			isa = PBXGroup;
			children = (
				45B08F112C3406900034DC3C /* video_player.app */,
				45B08F272C3406930034DC3C /* video_playerTests.xctest */,
				45B08F312C3406930034DC3C /* video_playerUITests.xctest */,
			);
			name = Products;
			sourceTree = "<group>";
		};
		45B08F132C3406900034DC3C /* video_player */ = {
			isa = PBXGroup;
			children = (
				45B08F142C3406900034DC3C /* AppDelegate.swift */,
				45B08F162C3406900034DC3C /* SceneDelegate.swift */,
				45B08F182C3406900034DC3C /* ViewController.swift */,
				45B08F1A2C3406900034DC3C /* Main.storyboard */,
				45B08F1D2C3406930034DC3C /* Assets.xcassets */,
				45B08F1F2C3406930034DC3C /* LaunchScreen.storyboard */,
				458A29FC2C344BD20020EC85 /* test.mp4 */,
				45B08F222C3406930034DC3C /* Info.plist */,
			);
			path = video_player;
			sourceTree = "<group>";
		};
		45B08F2A2C3406930034DC3C /* video_playerTests */ = {
			isa = PBXGroup;
			children = (
				45B08F2B2C3406930034DC3C /* video_playerTests.swift */,
			);
			path = video_playerTests;
			sourceTree = "<group>";
		};
		45B08F342C3406930034DC3C /* video_playerUITests */ = {
			isa = PBXGroup;
			children = (
				45B08F352C3406930034DC3C /* video_playerUITests.swift */,
				45B08F372C3406930034DC3C /* video_playerUITestsLaunchTests.swift */,
			);
			path = video_playerUITests;
			sourceTree = "<group>";
		};
/* End PBXGroup section */

/* Begin PBXNativeTarget section */
		45B08F102C3406900034DC3C /* video_player */ = {
			isa = PBXNativeTarget;
			buildConfigurationList = 45B08F3B2C3406930034DC3C /* Build configuration list for PBXNativeTarget "video_player" */;
			buildPhases = (
				45B08F0D2C3406900034DC3C /* Sources */,
				45B08F0E2C3406900034DC3C /* Frameworks */,
				45B08F0F2C3406900034DC3C /* Resources */,
			);
			buildRules = (
			);
			dependencies = (
			);
			name = video_player;
			productName = video_player;
			productReference = 45B08F112C3406900034DC3C /* video_player.app */;
			productType = "com.apple.product-type.application";
		};
		45B08F262C3406930034DC3C /* video_playerTests */ = {
			isa = PBXNativeTarget;
			buildConfigurationList = 45B08F3E2C3406930034DC3C /* Build configuration list for PBXNativeTarget "video_playerTests" */;
			buildPhases = (
				45B08F232C3406930034DC3C /* Sources */,
				45B08F242C3406930034DC3C /* Frameworks */,
				45B08F252C3406930034DC3C /* Resources */,
			);
			buildRules = (
			);
			dependencies = (
				45B08F292C3406930034DC3C /* PBXTargetDependency */,
			);
			name = video_playerTests;
			productName = video_playerTests;
			productReference = 45B08F272C3406930034DC3C /* video_playerTests.xctest */;
			productType = "com.apple.product-type.bundle.unit-test";
		};
		45B08F302C3406930034DC3C /* video_playerUITests */ = {
			isa = PBXNativeTarget;
			buildConfigurationList = 45B08F412C3406930034DC3C /* Build configuration list for PBXNativeTarget "video_playerUITests" */;
			buildPhases = (
				45B08F2D2C3406930034DC3C /* Sources */,
				45B08F2E2C3406930034DC3C /* Frameworks */,
				45B08F2F2C3406930034DC3C /* Resources */,
			);
			buildRules = (
			);
			dependencies = (
				45B08F332C3406930034DC3C /* PBXTargetDependency */,
			);
			name = video_playerUITests;
			productName = video_playerUITests;
			productReference = 45B08F312C3406930034DC3C /* video_playerUITests.xctest */;
			productType = "com.apple.product-type.bundle.ui-testing";
		};
/* End PBXNativeTarget section */

/* Begin PBXProject section */
		45B08F092C3406900034DC3C /* Project object */ = {
			isa = PBXProject;
			attributes = {
				BuildIndependentTargetsInParallel = 1;
				LastSwiftUpdateCheck = 1430;
				LastUpgradeCheck = 1430;
				TargetAttributes = {
					45B08F102C3406900034DC3C = {
						CreatedOnToolsVersion = 14.3.1;
					};
					45B08F262C3406930034DC3C = {
						CreatedOnToolsVersion = 14.3.1;
						TestTargetID = 45B08F102C3406900034DC3C;
					};
					45B08F302C3406930034DC3C = {
						CreatedOnToolsVersion = 14.3.1;
						TestTargetID = 45B08F102C3406900034DC3C;
					};
				};
			};
			buildConfigurationList = 45B08F0C2C3406900034DC3C /* Build configuration list for PBXProject "video_player" */;
			compatibilityVersion = "Xcode 14.0";
			developmentRegion = en;
			hasScannedForEncodings = 0;
			knownRegions = (
				en,
				Base,
			);
			mainGroup = 45B08F082C3406900034DC3C;
			productRefGroup = 45B08F122C3406900034DC3C /* Products */;
			projectDirPath = "";
			projectRoot = "";
			targets = (
				45B08F102C3406900034DC3C /* video_player */,
				45B08F262C3406930034DC3C /* video_playerTests */,
				45B08F302C3406930034DC3C /* video_playerUITests */,
			);
		};
/* End PBXProject section */

/* Begin PBXResourcesBuildPhase section */
		45B08F0F2C3406900034DC3C /* Resources */ = {
			isa = PBXResourcesBuildPhase;
			buildActionMask = 2147483647;
			files = (
				45B08F212C3406930034DC3C /* LaunchScreen.storyboard in Resources */,
				45B08F1E2C3406930034DC3C /* Assets.xcassets in Resources */,
				45B08F1C2C3406900034DC3C /* Main.storyboard in Resources */,
				458A29FD2C344BD20020EC85 /* test.mp4 in Resources */,
			);
			runOnlyForDeploymentPostprocessing = 0;
		};
		45B08F252C3406930034DC3C /* Resources */ = {
			isa = PBXResourcesBuildPhase;
			buildActionMask = 2147483647;
			files = (
			);
			runOnlyForDeploymentPostprocessing = 0;
		};
		45B08F2F2C3406930034DC3C /* Resources */ = {
			isa = PBXResourcesBuildPhase;
			buildActionMask = 2147483647;
			files = (
			);
			runOnlyForDeploymentPostprocessing = 0;
		};
/* End PBXResourcesBuildPhase section */

/* Begin PBXSourcesBuildPhase section */
		45B08F0D2C3406900034DC3C /* Sources */ = {
			isa = PBXSourcesBuildPhase;
			buildActionMask = 2147483647;
			files = (
				45B08F192C3406900034DC3C /* ViewController.swift in Sources */,
				45B08F152C3406900034DC3C /* AppDelegate.swift in Sources */,
				45B08F172C3406900034DC3C /* SceneDelegate.swift in Sources */,
			);
			runOnlyForDeploymentPostprocessing = 0;
		};
		45B08F232C3406930034DC3C /* Sources */ = {
			isa = PBXSourcesBuildPhase;
			buildActionMask = 2147483647;
			files = (
				45B08F2C2C3406930034DC3C /* video_playerTests.swift in Sources */,
			);
			runOnlyForDeploymentPostprocessing = 0;
		};
		45B08F2D2C3406930034DC3C /* Sources */ = {
			isa = PBXSourcesBuildPhase;
			buildActionMask = 2147483647;
			files = (
				45B08F362C3406930034DC3C /* video_playerUITests.swift in Sources */,
				45B08F382C3406930034DC3C /* video_playerUITestsLaunchTests.swift in Sources */,
			);
			runOnlyForDeploymentPostprocessing = 0;
		};
/* End PBXSourcesBuildPhase section */

/* Begin PBXTargetDependency section */
		45B08F292C3406930034DC3C /* PBXTargetDependency */ = {
			isa = PBXTargetDependency;
			target = 45B08F102C3406900034DC3C /* video_player */;
			targetProxy = 45B08F282C3406930034DC3C /* PBXContainerItemProxy */;
		};
		45B08F332C3406930034DC3C /* PBXTargetDependency */ = {
			isa = PBXTargetDependency;
			target = 45B08F102C3406900034DC3C /* video_player */;
			targetProxy = 45B08F322C3406930034DC3C /* PBXContainerItemProxy */;
		};
/* End PBXTargetDependency section */

/* Begin PBXVariantGroup section */
		45B08F1A2C3406900034DC3C /* Main.storyboard */ = {
			isa = PBXVariantGroup;
			children = (
				45B08F1B2C3406900034DC3C /* Base */,
			);
			name = Main.storyboard;
			sourceTree = "<group>";
		};
		45B08F1F2C3406930034DC3C /* LaunchScreen.storyboard */ = {
			isa = PBXVariantGroup;
			children = (
				45B08F202C3406930034DC3C /* Base */,
			);
			name = LaunchScreen.storyboard;
			sourceTree = "<group>";
		};
/* End PBXVariantGroup section */

/* Begin XCBuildConfiguration section */
		45B08F392C3406930034DC3C /* Debug */ = {
			isa = XCBuildConfiguration;
			buildSettings = {
				ALWAYS_SEARCH_USER_PATHS = NO;
				CLANG_ANALYZER_NONNULL = YES;
				CLANG_ANALYZER_NUMBER_OBJECT_CONVERSION = YES_AGGRESSIVE;
				CLANG_CXX_LANGUAGE_STANDARD = "gnu++20";
				CLANG_ENABLE_MODULES = YES;
				CLANG_ENABLE_OBJC_ARC = YES;
				CLANG_ENABLE_OBJC_WEAK = YES;
				CLANG_WARN_BLOCK_CAPTURE_AUTORELEASING = YES;
				CLANG_WARN_BOOL_CONVERSION = YES;
				CLANG_WARN_COMMA = YES;
				CLANG_WARN_CONSTANT_CONVERSION = YES;
				CLANG_WARN_DEPRECATED_OBJC_IMPLEMENTATIONS = YES;
				CLANG_WARN_DIRECT_OBJC_ISA_USAGE = YES_ERROR;
				CLANG_WARN_DOCUMENTATION_COMMENTS = YES;
				CLANG_WARN_EMPTY_BODY = YES;
				CLANG_WARN_ENUM_CONVERSION = YES;
				CLANG_WARN_INFINITE_RECURSION = YES;
				CLANG_WARN_INT_CONVERSION = YES;
				CLANG_WARN_NON_LITERAL_NULL_CONVERSION = YES;
				CLANG_WARN_OBJC_IMPLICIT_RETAIN_SELF = YES;
				CLANG_WARN_OBJC_LITERAL_CONVERSION = YES;
				CLANG_WARN_OBJC_ROOT_CLASS = YES_ERROR;
				CLANG_WARN_QUOTED_INCLUDE_IN_FRAMEWORK_HEADER = YES;
				CLANG_WARN_RANGE_LOOP_ANALYSIS = YES;
				CLANG_WARN_STRICT_PROTOTYPES = YES;
				CLANG_WARN_SUSPICIOUS_MOVE = YES;
				CLANG_WARN_UNGUARDED_AVAILABILITY = YES_AGGRESSIVE;
				CLANG_WARN_UNREACHABLE_CODE = YES;
				CLANG_WARN__DUPLICATE_METHOD_MATCH = YES;
				COPY_PHASE_STRIP = NO;
				DEBUG_INFORMATION_FORMAT = dwarf;
				ENABLE_STRICT_OBJC_MSGSEND = YES;
				ENABLE_TESTABILITY = YES;
				GCC_C_LANGUAGE_STANDARD = gnu11;
				GCC_DYNAMIC_NO_PIC = NO;
				GCC_NO_COMMON_BLOCKS = YES;
				GCC_OPTIMIZATION_LEVEL = 0;
				GCC_PREPROCESSOR_DEFINITIONS = (
					"DEBUG=1",
					"$(inherited)",
				);
				GCC_WARN_64_TO_32_BIT_CONVERSION = YES;
				GCC_WARN_ABOUT_RETURN_TYPE = YES_ERROR;
				GCC_WARN_UNDECLARED_SELECTOR = YES;
				GCC_WARN_UNINITIALIZED_AUTOS = YES_AGGRESSIVE;
				GCC_WARN_UNUSED_FUNCTION = YES;
				GCC_WARN_UNUSED_VARIABLE = YES;
				IPHONEOS_DEPLOYMENT_TARGET = 16.4;
				MTL_ENABLE_DEBUG_INFO = INCLUDE_SOURCE;
				MTL_FAST_MATH = YES;
				ONLY_ACTIVE_ARCH = YES;
				SDKROOT = iphoneos;
				SWIFT_ACTIVE_COMPILATION_CONDITIONS = DEBUG;
				SWIFT_OPTIMIZATION_LEVEL = "-Onone";
			};
			name = Debug;
		};
		45B08F3A2C3406930034DC3C /* Release */ = {
			isa = XCBuildConfiguration;
			buildSettings = {
				ALWAYS_SEARCH_USER_PATHS = NO;
				CLANG_ANALYZER_NONNULL = YES;
				CLANG_ANALYZER_NUMBER_OBJECT_CONVERSION = YES_AGGRESSIVE;
				CLANG_CXX_LANGUAGE_STANDARD = "gnu++20";
				CLANG_ENABLE_MODULES = YES;
				CLANG_ENABLE_OBJC_ARC = YES;
				CLANG_ENABLE_OBJC_WEAK = YES;
				CLANG_WARN_BLOCK_CAPTURE_AUTORELEASING = YES;
				CLANG_WARN_BOOL_CONVERSION = YES;
				CLANG_WARN_COMMA = YES;
				CLANG_WARN_CONSTANT_CONVERSION = YES;
				CLANG_WARN_DEPRECATED_OBJC_IMPLEMENTATIONS = YES;
				CLANG_WARN_DIRECT_OBJC_ISA_USAGE = YES_ERROR;
				CLANG_WARN_DOCUMENTATION_COMMENTS = YES;
				CLANG_WARN_EMPTY_BODY = YES;
				CLANG_WARN_ENUM_CONVERSION = YES;
				CLANG_WARN_INFINITE_RECURSION = YES;
				CLANG_WARN_INT_CONVERSION = YES;
				CLANG_WARN_NON_LITERAL_NULL_CONVERSION = YES;
				CLANG_WARN_OBJC_IMPLICIT_RETAIN_SELF = YES;
				CLANG_WARN_OBJC_LITERAL_CONVERSION = YES;
				CLANG_WARN_OBJC_ROOT_CLASS = YES_ERROR;
				CLANG_WARN_QUOTED_INCLUDE_IN_FRAMEWORK_HEADER = YES;
				CLANG_WARN_RANGE_LOOP_ANALYSIS = YES;
				CLANG_WARN_STRICT_PROTOTYPES = YES;
				CLANG_WARN_SUSPICIOUS_MOVE = YES;
				CLANG_WARN_UNGUARDED_AVAILABILITY = YES_AGGRESSIVE;
				CLANG_WARN_UNREACHABLE_CODE = YES;
				CLANG_WARN__DUPLICATE_METHOD_MATCH = YES;
				COPY_PHASE_STRIP = NO;
				DEBUG_INFORMATION_FORMAT = "dwarf-with-dsym";
				ENABLE_NS_ASSERTIONS = NO;
				ENABLE_STRICT_OBJC_MSGSEND = YES;
				GCC_C_LANGUAGE_STANDARD = gnu11;
				GCC_NO_COMMON_BLOCKS = YES;
				GCC_WARN_64_TO_32_BIT_CONVERSION = YES;
				GCC_WARN_ABOUT_RETURN_TYPE = YES_ERROR;
				GCC_WARN_UNDECLARED_SELECTOR = YES;
				GCC_WARN_UNINITIALIZED_AUTOS = YES_AGGRESSIVE;
				GCC_WARN_UNUSED_FUNCTION = YES;
				GCC_WARN_UNUSED_VARIABLE = YES;
				IPHONEOS_DEPLOYMENT_TARGET = 16.4;
				MTL_ENABLE_DEBUG_INFO = NO;
				MTL_FAST_MATH = YES;
				SDKROOT = iphoneos;
				SWIFT_COMPILATION_MODE = wholemodule;
				SWIFT_OPTIMIZATION_LEVEL = "-O";
				VALIDATE_PRODUCT = YES;
			};
			name = Release;
		};
		45B08F3C2C3406930034DC3C /* Debug */ = {
			isa = XCBuildConfiguration;
			buildSettings = {
				ASSETCATALOG_COMPILER_APPICON_NAME = AppIcon;
				ASSETCATALOG_COMPILER_GLOBAL_ACCENT_COLOR_NAME = AccentColor;
				CODE_SIGN_STYLE = Automatic;
				CURRENT_PROJECT_VERSION = 1;
				DEVELOPMENT_TEAM = MVG3WMUJX5;
				GENERATE_INFOPLIST_FILE = YES;
				INFOPLIST_FILE = video_player/Info.plist;
				INFOPLIST_KEY_UIApplicationSupportsIndirectInputEvents = YES;
				INFOPLIST_KEY_UILaunchStoryboardName = LaunchScreen;
				INFOPLIST_KEY_UIMainStoryboardFile = Main;
				INFOPLIST_KEY_UISupportedInterfaceOrientations_iPad = "UIInterfaceOrientationPortrait UIInterfaceOrientationPortraitUpsideDown UIInterfaceOrientationLandscapeLeft UIInterfaceOrientationLandscapeRight";
				INFOPLIST_KEY_UISupportedInterfaceOrientations_iPhone = "UIInterfaceOrientationPortrait UIInterfaceOrientationLandscapeLeft UIInterfaceOrientationLandscapeRight";
				LD_RUNPATH_SEARCH_PATHS = (
					"$(inherited)",
					"@executable_path/Frameworks",
				);
				MARKETING_VERSION = 1.0;
				PRODUCT_BUNDLE_IDENTIFIER = "conan.video-player";
				PRODUCT_NAME = "$(TARGET_NAME)";
				SWIFT_EMIT_LOC_STRINGS = YES;
				SWIFT_VERSION = 5.0;
				TARGETED_DEVICE_FAMILY = "1,2";
			};
			name = Debug;
		};
		45B08F3D2C3406930034DC3C /* Release */ = {
			isa = XCBuildConfiguration;
			buildSettings = {
				ASSETCATALOG_COMPILER_APPICON_NAME = AppIcon;
				ASSETCATALOG_COMPILER_GLOBAL_ACCENT_COLOR_NAME = AccentColor;
				CODE_SIGN_STYLE = Automatic;
				CURRENT_PROJECT_VERSION = 1;
				DEVELOPMENT_TEAM = MVG3WMUJX5;
				GENERATE_INFOPLIST_FILE = YES;
				INFOPLIST_FILE = video_player/Info.plist;
				INFOPLIST_KEY_UIApplicationSupportsIndirectInputEvents = YES;
				INFOPLIST_KEY_UILaunchStoryboardName = LaunchScreen;
				INFOPLIST_KEY_UIMainStoryboardFile = Main;
				INFOPLIST_KEY_UISupportedInterfaceOrientations_iPad = "UIInterfaceOrientationPortrait UIInterfaceOrientationPortraitUpsideDown UIInterfaceOrientationLandscapeLeft UIInterfaceOrientationLandscapeRight";
				INFOPLIST_KEY_UISupportedInterfaceOrientations_iPhone = "UIInterfaceOrientationPortrait UIInterfaceOrientationLandscapeLeft UIInterfaceOrientationLandscapeRight";
				LD_RUNPATH_SEARCH_PATHS = (
					"$(inherited)",
					"@executable_path/Frameworks",
				);
				MARKETING_VERSION = 1.0;
				PRODUCT_BUNDLE_IDENTIFIER = "conan.video-player";
				PRODUCT_NAME = "$(TARGET_NAME)";
				SWIFT_EMIT_LOC_STRINGS = YES;
				SWIFT_VERSION = 5.0;
				TARGETED_DEVICE_FAMILY = "1,2";
			};
			name = Release;
		};
		45B08F3F2C3406930034DC3C /* Debug */ = {
			isa = XCBuildConfiguration;
			buildSettings = {
				ALWAYS_EMBED_SWIFT_STANDARD_LIBRARIES = YES;
				BUNDLE_LOADER = "$(TEST_HOST)";
				CODE_SIGN_STYLE = Automatic;
				CURRENT_PROJECT_VERSION = 1;
				DEVELOPMENT_TEAM = MVG3WMUJX5;
				GENERATE_INFOPLIST_FILE = YES;
				IPHONEOS_DEPLOYMENT_TARGET = 16.4;
				MARKETING_VERSION = 1.0;
				PRODUCT_BUNDLE_IDENTIFIER = "conan.video-playerTests";
				PRODUCT_NAME = "$(TARGET_NAME)";
				SWIFT_EMIT_LOC_STRINGS = NO;
				SWIFT_VERSION = 5.0;
				TARGETED_DEVICE_FAMILY = "1,2";
				TEST_HOST = "$(BUILT_PRODUCTS_DIR)/video_player.app/$(BUNDLE_EXECUTABLE_FOLDER_PATH)/video_player";
			};
			name = Debug;
		};
		45B08F402C3406930034DC3C /* Release */ = {
			isa = XCBuildConfiguration;
			buildSettings = {
				ALWAYS_EMBED_SWIFT_STANDARD_LIBRARIES = YES;
				BUNDLE_LOADER = "$(TEST_HOST)";
				CODE_SIGN_STYLE = Automatic;
				CURRENT_PROJECT_VERSION = 1;
				DEVELOPMENT_TEAM = MVG3WMUJX5;
				GENERATE_INFOPLIST_FILE = YES;
				IPHONEOS_DEPLOYMENT_TARGET = 16.4;
				MARKETING_VERSION = 1.0;
				PRODUCT_BUNDLE_IDENTIFIER = "conan.video-playerTests";
				PRODUCT_NAME = "$(TARGET_NAME)";
				SWIFT_EMIT_LOC_STRINGS = NO;
				SWIFT_VERSION = 5.0;
				TARGETED_DEVICE_FAMILY = "1,2";
				TEST_HOST = "$(BUILT_PRODUCTS_DIR)/video_player.app/$(BUNDLE_EXECUTABLE_FOLDER_PATH)/video_player";
			};
			name = Release;
		};
		45B08F422C3406930034DC3C /* Debug */ = {
			isa = XCBuildConfiguration;
			buildSettings = {
				ALWAYS_EMBED_SWIFT_STANDARD_LIBRARIES = YES;
				CODE_SIGN_STYLE = Automatic;
				CURRENT_PROJECT_VERSION = 1;
				DEVELOPMENT_TEAM = MVG3WMUJX5;
				GENERATE_INFOPLIST_FILE = YES;
				MARKETING_VERSION = 1.0;
				PRODUCT_BUNDLE_IDENTIFIER = "conan.video-playerUITests";
				PRODUCT_NAME = "$(TARGET_NAME)";
				SWIFT_EMIT_LOC_STRINGS = NO;
				SWIFT_VERSION = 5.0;
				TARGETED_DEVICE_FAMILY = "1,2";
				TEST_TARGET_NAME = video_player;
			};
			name = Debug;
		};
		45B08F432C3406930034DC3C /* Release */ = {
			isa = XCBuildConfiguration;
			buildSettings = {
				ALWAYS_EMBED_SWIFT_STANDARD_LIBRARIES = YES;
				CODE_SIGN_STYLE = Automatic;
				CURRENT_PROJECT_VERSION = 1;
				DEVELOPMENT_TEAM = MVG3WMUJX5;
				GENERATE_INFOPLIST_FILE = YES;
				MARKETING_VERSION = 1.0;
				PRODUCT_BUNDLE_IDENTIFIER = "conan.video-playerUITests";
				PRODUCT_NAME = "$(TARGET_NAME)";
				SWIFT_EMIT_LOC_STRINGS = NO;
				SWIFT_VERSION = 5.0;
				TARGETED_DEVICE_FAMILY = "1,2";
				TEST_TARGET_NAME = video_player;
			};
			name = Release;
		};
/* End XCBuildConfiguration section */

/* Begin XCConfigurationList section */
		45B08F0C2C3406900034DC3C /* Build configuration list for PBXProject "video_player" */ = {
			isa = XCConfigurationList;
			buildConfigurations = (
				45B08F392C3406930034DC3C /* Debug */,
				45B08F3A2C3406930034DC3C /* Release */,
			);
			defaultConfigurationIsVisible = 0;
			defaultConfigurationName = Release;
		};
		45B08F3B2C3406930034DC3C /* Build configuration list for PBXNativeTarget "video_player" */ = {
			isa = XCConfigurationList;
			buildConfigurations = (
				45B08F3C2C3406930034DC3C /* Debug */,
				45B08F3D2C3406930034DC3C /* Release */,
			);
			defaultConfigurationIsVisible = 0;
			defaultConfigurationName = Release;
		};
		45B08F3E2C3406930034DC3C /* Build configuration list for PBXNativeTarget "video_playerTests" */ = {
			isa = XCConfigurationList;
			buildConfigurations = (
				45B08F3F2C3406930034DC3C /* Debug */,
				45B08F402C3406930034DC3C /* Release */,
			);
			defaultConfigurationIsVisible = 0;
			defaultConfigurationName = Release;
		};
		45B08F412C3406930034DC3C /* Build configuration list for PBXNativeTarget "video_playerUITests" */ = {
			isa = XCConfigurationList;
			buildConfigurations = (
				45B08F422C3406930034DC3C /* Debug */,
				45B08F432C3406930034DC3C /* Release */,
			);
			defaultConfigurationIsVisible = 0;
			defaultConfigurationName = Release;
		};
/* End XCConfigurationList section */
	};
	rootObject = 45B08F092C3406900034DC3C /* Project object */;
}
